
Microsoft Visual Studio Solution File, Format Version 12.00
# Visual Studio Version 16
VisualStudioVersion = 16.0.31702.278
MinimumVisualStudioVersion = 10.0.40219.1
Project("{888888A0-9F3D-457C-B088-3A5042F75D52}") = "Z5", "Z5.pyproj", "{6EFB057E-3513-4EB2-96AB-9C9BE1DEADDE}"
EndProject
Global
	GlobalSection(SolutionConfigurationPlatforms) = preSolution
		Debug|Any CPU = Debug|Any CPU
		Release|Any CPU = Release|Any CPU
	EndGlobalSection
	GlobalSection(ProjectConfigurationPlatforms) = postSolution
		{6EFB057E-3513-4EB2-96AB-9C9BE1DEADDE}.Debug|Any CPU.ActiveCfg = Debug|Any CPU
		{6EFB057E-3513-4EB2-96AB-9C9BE1DEADDE}.Release|Any CPU.ActiveCfg = Release|Any CPU
	EndGlobalSection
	GlobalSection(SolutionProperties) = preSolution
		HideSolutionNode = FALSE
	EndGlobalSection
	GlobalSection(ExtensibilityGlobals) = postSolution
		SolutionGuid = {C7D6F895-38CC-4E01-81A9-2EB7E5652707}
	EndGlobalSection
EndGlobal
